
Microsoft Visual Studio Solution File, Format Version 12.00
# Visual Studio Version 16
VisualStudioVersion = 16.0.32413.511
MinimumVisualStudioVersion = 10.0.40219.1
Project("{FAE04EC0-301F-11D3-BF4B-00C04F79EFBC}") = "IoTSensorSimulator", "IoTSensorSimulator.csproj", "{A25CA607-E90E-44B7-AE05-7AAC4649BAB8}"
EndProject
Global
	GlobalSection(SolutionConfigurationPlatforms) = preSolution
		Debug|Any CPU = Debug|Any CPU
		Release|Any CPU = Release|Any CPU
	EndGlobalSection
	GlobalSection(ProjectConfigurationPlatforms) = postSolution
		{A25CA607-E90E-44B7-AE05-7AAC4649BAB8}.Debug|Any CPU.ActiveCfg = Debug|Any CPU
		{A25CA607-E90E-44B7-AE05-7AAC4649BAB8}.Debug|Any CPU.Build.0 = Debug|Any CPU
		{A25CA607-E90E-44B7-AE05-7AAC4649BAB8}.Release|Any CPU.ActiveCfg = Release|Any CPU
		{A25CA607-E90E-44B7-AE05-7AAC4649BAB8}.Release|Any CPU.Build.0 = Release|Any CPU
	EndGlobalSection
	GlobalSection(SolutionProperties) = preSolution
		HideSolutionNode = FALSE
	EndGlobalSection
	GlobalSection(ExtensibilityGlobals) = postSolution
		SolutionGuid = {AF667C33-CFBA-4959-8F16-E1A37C1A3E33}
	EndGlobalSection
EndGlobal
